
Microsoft Visual Studio Solution File, Format Version 12.00
# Visual Studio Version 16
VisualStudioVersion = 16.0.31702.278
MinimumVisualStudioVersion = 10.0.40219.1
Project("{FAE04EC0-301F-11D3-BF4B-00C04F79EFBC}") = "Lab12_WpfApp", "Lab12_WpfApp\Lab12_WpfApp.csproj", "{4387EB85-B70A-49A2-B5BB-F2C0DCAADD2A}"
EndProject
Global
	GlobalSection(SolutionConfigurationPlatforms) = preSolution
		Debug|Any CPU = Debug|Any CPU
		Release|Any CPU = Release|Any CPU
	EndGlobalSection
	GlobalSection(ProjectConfigurationPlatforms) = postSolution
		{4387EB85-B70A-49A2-B5BB-F2C0DCAADD2A}.Debug|Any CPU.ActiveCfg = Debug|Any CPU
		{4387EB85-B70A-49A2-B5BB-F2C0DCAADD2A}.Debug|Any CPU.Build.0 = Debug|Any CPU
		{4387EB85-B70A-49A2-B5BB-F2C0DCAADD2A}.Release|Any CPU.ActiveCfg = Release|Any CPU
		{4387EB85-B70A-49A2-B5BB-F2C0DCAADD2A}.Release|Any CPU.Build.0 = Release|Any CPU
	EndGlobalSection
	GlobalSection(SolutionProperties) = preSolution
		HideSolutionNode = FALSE
	EndGlobalSection
	GlobalSection(ExtensibilityGlobals) = postSolution
		SolutionGuid = {59D3A8C5-AA7A-4626-AC36-27568BE9EDC1}
	EndGlobalSection
EndGlobal
